
Microsoft Visual Studio Solution File, Format Version 12.00
# Visual Studio Version 17
VisualStudioVersion = 17.11.35327.3
MinimumVisualStudioVersion = 10.0.40219.1
Project("{FAE04EC0-301F-11D3-BF4B-00C04F79EFBC}") = "CongNgheNet", "CongNgheNet\CongNgheNet.csproj", "{721DC00F-E33B-48BD-8B5E-BF3020761E01}"
EndProject
Global
	GlobalSection(SolutionConfigurationPlatforms) = preSolution
		Debug|Any CPU = Debug|Any CPU
		Release|Any CPU = Release|Any CPU
	EndGlobalSection
	GlobalSection(ProjectConfigurationPlatforms) = postSolution
		{721DC00F-E33B-48BD-8B5E-BF3020761E01}.Debug|Any CPU.ActiveCfg = Debug|Any CPU
		{721DC00F-E33B-48BD-8B5E-BF3020761E01}.Debug|Any CPU.Build.0 = Debug|Any CPU
		{721DC00F-E33B-48BD-8B5E-BF3020761E01}.Release|Any CPU.ActiveCfg = Release|Any CPU
		{721DC00F-E33B-48BD-8B5E-BF3020761E01}.Release|Any CPU.Build.0 = Release|Any CPU
	EndGlobalSection
	GlobalSection(SolutionProperties) = preSolution
		HideSolutionNode = FALSE
	EndGlobalSection
	GlobalSection(ExtensibilityGlobals) = postSolution
		SolutionGuid = {5CE09C60-DB43-402F-8261-8670C89D525C}
	EndGlobalSection
EndGlobal
